
Microsoft Visual Studio Solution File, Format Version 12.00
# Visual Studio Version 16
VisualStudioVersion = 16.0.30804.86
MinimumVisualStudioVersion = 10.0.40219.1
Project("{FAE04EC0-301F-11D3-BF4B-00C04F79EFBC}") = "Targem.Calcs", "Targem.Calcs\Targem.Calcs.csproj", "{49F36E18-EB1B-4D13-A004-B79A32BBD62B}"
EndProject
Global
	GlobalSection(SolutionConfigurationPlatforms) = preSolution
		Debug|Any CPU = Debug|Any CPU
		Release|Any CPU = Release|Any CPU
	EndGlobalSection
	GlobalSection(ProjectConfigurationPlatforms) = postSolution
		{49F36E18-EB1B-4D13-A004-B79A32BBD62B}.Debug|Any CPU.ActiveCfg = Debug|Any CPU
		{49F36E18-EB1B-4D13-A004-B79A32BBD62B}.Debug|Any CPU.Build.0 = Debug|Any CPU
		{49F36E18-EB1B-4D13-A004-B79A32BBD62B}.Release|Any CPU.ActiveCfg = Release|Any CPU
		{49F36E18-EB1B-4D13-A004-B79A32BBD62B}.Release|Any CPU.Build.0 = Release|Any CPU
	EndGlobalSection
	GlobalSection(SolutionProperties) = preSolution
		HideSolutionNode = FALSE
	EndGlobalSection
	GlobalSection(ExtensibilityGlobals) = postSolution
		SolutionGuid = {365BEC3B-62A6-4FD8-AB9D-A3CCAA78A4EE}
	EndGlobalSection
EndGlobal
